// !$*UTF8*$!
{
	archiveVersion = 1;
	classes = {
	};
	objectVersion = 46;
	objects = {

/* Begin PBXBuildFile section */
		79D5BAF61B2B252A008B1FFF /* background.png in Resources */ = {isa = PBXBuildFile; fileRef = 79D5BAF51B2B252A008B1FFF /* background.png */; };
		79DA7C931B0CF907007B7844 /* AppDelegate.swift in Sources */ = {isa = PBXBuildFile; fileRef = 79DA7C921B0CF907007B7844 /* AppDelegate.swift */; };
		79DA7C951B0CF907007B7844 /* ViewController.swift in Sources */ = {isa = PBXBuildFile; fileRef = 79DA7C941B0CF907007B7844 /* ViewController.swift */; };
		79DA7C981B0CF907007B7844 /* Main.storyboard in Resources */ = {isa = PBXBuildFile; fileRef = 79DA7C961B0CF907007B7844 /* Main.storyboard */; };
		79DA7C9A1B0CF907007B7844 /* Images.xcassets in Resources */ = {isa = PBXBuildFile; fileRef = 79DA7C991B0CF907007B7844 /* Images.xcassets */; };
		79DA7C9D1B0CF907007B7844 /* LaunchScreen.xib in Resources */ = {isa = PBXBuildFile; fileRef = 79DA7C9B1B0CF907007B7844 /* LaunchScreen.xib */; };
		79DA7CA91B0CF908007B7844 /* What_s_The_WeatherTests.swift in Sources */ = {isa = PBXBuildFile; fileRef = 79DA7CA81B0CF908007B7844 /* What_s_The_WeatherTests.swift */; };
/* End PBXBuildFile section */

/* Begin PBXContainerItemProxy section */
		79DA7CA31B0CF908007B7844 /* PBXContainerItemProxy */ = {
			isa = PBXContainerItemProxy;
			containerPortal = 79DA7C851B0CF907007B7844 /* Project object */;
			proxyType = 1;
			remoteGlobalIDString = 79DA7C8C1B0CF907007B7844;
			remoteInfo = "What's The Weather";
		};
/* End PBXContainerItemProxy section */

/* Begin PBXFileReference section */
		79D5BAF51B2B252A008B1FFF /* background.png */ = {isa = PBXFileReference; lastKnownFileType = image.png; path = background.png; sourceTree = "<group>"; };
		79DA7C8D1B0CF907007B7844 /* What's The Weather.app */ = {isa = PBXFileReference; explicitFileType = wrapper.application; includeInIndex = 0; path = "What's The Weather.app"; sourceTree = BUILT_PRODUCTS_DIR; };
		79DA7C911B0CF907007B7844 /* Info.plist */ = {isa = PBXFileReference; lastKnownFileType = text.plist.xml; path = Info.plist; sourceTree = "<group>"; };
		79DA7C921B0CF907007B7844 /* AppDelegate.swift */ = {isa = PBXFileReference; lastKnownFileType = sourcecode.swift; path = AppDelegate.swift; sourceTree = "<group>"; };
		79DA7C941B0CF907007B7844 /* ViewController.swift */ = {isa = PBXFileReference; lastKnownFileType = sourcecode.swift; path = ViewController.swift; sourceTree = "<group>"; };
		79DA7C971B0CF907007B7844 /* Base */ = {isa = PBXFileReference; lastKnownFileType = file.storyboard; name = Base; path = Base.lproj/Main.storyboard; sourceTree = "<group>"; };
		79DA7C991B0CF907007B7844 /* Images.xcassets */ = {isa = PBXFileReference; lastKnownFileType = folder.assetcatalog; path = Images.xcassets; sourceTree = "<group>"; };
		79DA7C9C1B0CF907007B7844 /* Base */ = {isa = PBXFileReference; lastKnownFileType = file.xib; name = Base; path = Base.lproj/LaunchScreen.xib; sourceTree = "<group>"; };
		79DA7CA21B0CF908007B7844 /* What's The WeatherTests.xctest */ = {isa = PBXFileReference; explicitFileType = wrapper.cfbundle; includeInIndex = 0; path = "What's The WeatherTests.xctest"; sourceTree = BUILT_PRODUCTS_DIR; };
		79DA7CA71B0CF908007B7844 /* Info.plist */ = {isa = PBXFileReference; lastKnownFileType = text.plist.xml; path = Info.plist; sourceTree = "<group>"; };
		79DA7CA81B0CF908007B7844 /* What_s_The_WeatherTests.swift */ = {isa = PBXFileReference; lastKnownFileType = sourcecode.swift; path = What_s_The_WeatherTests.swift; sourceTree = "<group>"; };
/* End PBXFileReference section */

/* Begin PBXFrameworksBuildPhase section */
		79DA7C8A1B0CF907007B7844 /* Frameworks */ = {
			isa = PBXFrameworksBuildPhase;
			buildActionMask = 2147483647;
			files = (
			);
			runOnlyForDeploymentPostprocessing = 0;
		};
		79DA7C9F1B0CF908007B7844 /* Frameworks */ = {
			isa = PBXFrameworksBuildPhase;
			buildActionMask = 2147483647;
			files = (
			);
			runOnlyForDeploymentPostprocessing = 0;
		};
/* End PBXFrameworksBuildPhase section */

/* Begin PBXGroup section */
		79DA7C841B0CF907007B7844 = {
			isa = PBXGroup;
			children = (
				79DA7C8F1B0CF907007B7844 /* What's The Weather */,
				79DA7CA51B0CF908007B7844 /* What's The WeatherTests */,
				79DA7C8E1B0CF907007B7844 /* Products */,
			);
			sourceTree = "<group>";
		};
		79DA7C8E1B0CF907007B7844 /* Products */ = {
			isa = PBXGroup;
			children = (
				79DA7C8D1B0CF907007B7844 /* What's The Weather.app */,
				79DA7CA21B0CF908007B7844 /* What's The WeatherTests.xctest */,
			);
			name = Products;
			sourceTree = "<group>";
		};
		79DA7C8F1B0CF907007B7844 /* What's The Weather */ = {
			isa = PBXGroup;
			children = (
				79DA7C921B0CF907007B7844 /* AppDelegate.swift */,
				79DA7C941B0CF907007B7844 /* ViewController.swift */,
				79D5BAF51B2B252A008B1FFF /* background.png */,
				79DA7C961B0CF907007B7844 /* Main.storyboard */,
				79DA7C991B0CF907007B7844 /* Images.xcassets */,
				79DA7C9B1B0CF907007B7844 /* LaunchScreen.xib */,
				79DA7C901B0CF907007B7844 /* Supporting Files */,
			);
			path = "What's The Weather";
			sourceTree = "<group>";
		};
		79DA7C901B0CF907007B7844 /* Supporting Files */ = {
			isa = PBXGroup;
			children = (
				79DA7C911B0CF907007B7844 /* Info.plist */,
			);
			name = "Supporting Files";
			sourceTree = "<group>";
		};
		79DA7CA51B0CF908007B7844 /* What's The WeatherTests */ = {
			isa = PBXGroup;
			children = (
				79DA7CA81B0CF908007B7844 /* What_s_The_WeatherTests.swift */,
				79DA7CA61B0CF908007B7844 /* Supporting Files */,
			);
			path = "What's The WeatherTests";
			sourceTree = "<group>";
		};
		79DA7CA61B0CF908007B7844 /* Supporting Files */ = {
			isa = PBXGroup;
			children = (
				79DA7CA71B0CF908007B7844 /* Info.plist */,
			);
			name = "Supporting Files";
			sourceTree = "<group>";
		};
/* End PBXGroup section */

/* Begin PBXNativeTarget section */
		79DA7C8C1B0CF907007B7844 /* What's The Weather */ = {
			isa = PBXNativeTarget;
			buildConfigurationList = 79DA7CAC1B0CF908007B7844 /* Build configuration list for PBXNativeTarget "What's The Weather" */;
			buildPhases = (
				79DA7C891B0CF907007B7844 /* Sources */,
				79DA7C8A1B0CF907007B7844 /* Frameworks */,
				79DA7C8B1B0CF907007B7844 /* Resources */,
			);
			buildRules = (
			);
			dependencies = (
			);
			name = "What's The Weather";
			productName = "What's The Weather";
			productReference = 79DA7C8D1B0CF907007B7844 /* What's The Weather.app */;
			productType = "com.apple.product-type.application";
		};
		79DA7CA11B0CF908007B7844 /* What's The WeatherTests */ = {
			isa = PBXNativeTarget;
			buildConfigurationList = 79DA7CAF1B0CF908007B7844 /* Build configuration list for PBXNativeTarget "What's The WeatherTests" */;
			buildPhases = (
				79DA7C9E1B0CF908007B7844 /* Sources */,
				79DA7C9F1B0CF908007B7844 /* Frameworks */,
				79DA7CA01B0CF908007B7844 /* Resources */,
			);
			buildRules = (
			);
			dependencies = (
				79DA7CA41B0CF908007B7844 /* PBXTargetDependency */,
			);
			name = "What's The WeatherTests";
			productName = "What's The WeatherTests";
			productReference = 79DA7CA21B0CF908007B7844 /* What's The WeatherTests.xctest */;
			productType = "com.apple.product-type.bundle.unit-test";
		};
/* End PBXNativeTarget section */

/* Begin PBXProject section */
		79DA7C851B0CF907007B7844 /* Project object */ = {
			isa = PBXProject;
			attributes = {
				LastUpgradeCheck = 0630;
				ORGANIZATIONNAME = "Siyu Zhang";
				TargetAttributes = {
					79DA7C8C1B0CF907007B7844 = {
						CreatedOnToolsVersion = 6.3.1;
					};
					79DA7CA11B0CF908007B7844 = {
						CreatedOnToolsVersion = 6.3.1;
						TestTargetID = 79DA7C8C1B0CF907007B7844;
					};
				};
			};
			buildConfigurationList = 79DA7C881B0CF907007B7844 /* Build configuration list for PBXProject "What's The Weather" */;
			compatibilityVersion = "Xcode 3.2";
			developmentRegion = English;
			hasScannedForEncodings = 0;
			knownRegions = (
				en,
				Base,
			);
			mainGroup = 79DA7C841B0CF907007B7844;
			productRefGroup = 79DA7C8E1B0CF907007B7844 /* Products */;
			projectDirPath = "";
			projectRoot = "";
			targets = (
				79DA7C8C1B0CF907007B7844 /* What's The Weather */,
				79DA7CA11B0CF908007B7844 /* What's The WeatherTests */,
			);
		};
/* End PBXProject section */

/* Begin PBXResourcesBuildPhase section */
		79DA7C8B1B0CF907007B7844 /* Resources */ = {
			isa = PBXResourcesBuildPhase;
			buildActionMask = 2147483647;
			files = (
				79DA7C981B0CF907007B7844 /* Main.storyboard in Resources */,
				79D5BAF61B2B252A008B1FFF /* background.png in Resources */,
				79DA7C9D1B0CF907007B7844 /* LaunchScreen.xib in Resources */,
				79DA7C9A1B0CF907007B7844 /* Images.xcassets in Resources */,
			);
			runOnlyForDeploymentPostprocessing = 0;
		};
		79DA7CA01B0CF908007B7844 /* Resources */ = {
			isa = PBXResourcesBuildPhase;
			buildActionMask = 2147483647;
			files = (
			);
			runOnlyForDeploymentPostprocessing = 0;
		};
/* End PBXResourcesBuildPhase section */

/* Begin PBXSourcesBuildPhase section */
		79DA7C891B0CF907007B7844 /* Sources */ = {
			isa = PBXSourcesBuildPhase;
			buildActionMask = 2147483647;
			files = (
				79DA7C951B0CF907007B7844 /* ViewController.swift in Sources */,
				79DA7C931B0CF907007B7844 /* AppDelegate.swift in Sources */,
			);
			runOnlyForDeploymentPostprocessing = 0;
		};
		79DA7C9E1B0CF908007B7844 /* Sources */ = {
			isa = PBXSourcesBuildPhase;
			buildActionMask = 2147483647;
			files = (
				79DA7CA91B0CF908007B7844 /* What_s_The_WeatherTests.swift in Sources */,
			);
			runOnlyForDeploymentPostprocessing = 0;
		};
/* End PBXSourcesBuildPhase section */

/* Begin PBXTargetDependency section */
		79DA7CA41B0CF908007B7844 /* PBXTargetDependency */ = {
			isa = PBXTargetDependency;
			target = 79DA7C8C1B0CF907007B7844 /* What's The Weather */;
			targetProxy = 79DA7CA31B0CF908007B7844 /* PBXContainerItemProxy */;
		};
/* End PBXTargetDependency section */

/* Begin PBXVariantGroup section */
		79DA7C961B0CF907007B7844 /* Main.storyboard */ = {
			isa = PBXVariantGroup;
			children = (
				79DA7C971B0CF907007B7844 /* Base */,
			);
			name = Main.storyboard;
			sourceTree = "<group>";
		};
		79DA7C9B1B0CF907007B7844 /* LaunchScreen.xib */ = {
			isa = PBXVariantGroup;
			children = (
				79DA7C9C1B0CF907007B7844 /* Base */,
			);
			name = LaunchScreen.xib;
			sourceTree = "<group>";
		};
/* End PBXVariantGroup section */

/* Begin XCBuildConfiguration section */
		79DA7CAA1B0CF908007B7844 /* Debug */ = {
			isa = XCBuildConfiguration;
			buildSettings = {
				ALWAYS_SEARCH_USER_PATHS = NO;
				CLANG_CXX_LANGUAGE_STANDARD = "gnu++0x";
				CLANG_CXX_LIBRARY = "libc++";
				CLANG_ENABLE_MODULES = YES;
				CLANG_ENABLE_OBJC_ARC = YES;
				CLANG_WARN_BOOL_CONVERSION = YES;
				CLANG_WARN_CONSTANT_CONVERSION = YES;
				CLANG_WARN_DIRECT_OBJC_ISA_USAGE = YES_ERROR;
				CLANG_WARN_EMPTY_BODY = YES;
				CLANG_WARN_ENUM_CONVERSION = YES;
				CLANG_WARN_INT_CONVERSION = YES;
				CLANG_WARN_OBJC_ROOT_CLASS = YES_ERROR;
				CLANG_WARN_UNREACHABLE_CODE = YES;
				CLANG_WARN__DUPLICATE_METHOD_MATCH = YES;
				"CODE_SIGN_IDENTITY[sdk=iphoneos*]" = "iPhone Developer";
				COPY_PHASE_STRIP = NO;
				DEBUG_INFORMATION_FORMAT = "dwarf-with-dsym";
				ENABLE_STRICT_OBJC_MSGSEND = YES;
				GCC_C_LANGUAGE_STANDARD = gnu99;
				GCC_DYNAMIC_NO_PIC = NO;
				GCC_NO_COMMON_BLOCKS = YES;
				GCC_OPTIMIZATION_LEVEL = 0;
				GCC_PREPROCESSOR_DEFINITIONS = (
					"DEBUG=1",
					"$(inherited)",
				);
				GCC_SYMBOLS_PRIVATE_EXTERN = NO;
				GCC_WARN_64_TO_32_BIT_CONVERSION = YES;
				GCC_WARN_ABOUT_RETURN_TYPE = YES_ERROR;
				GCC_WARN_UNDECLARED_SELECTOR = YES;
				GCC_WARN_UNINITIALIZED_AUTOS = YES_AGGRESSIVE;
				GCC_WARN_UNUSED_FUNCTION = YES;
				GCC_WARN_UNUSED_VARIABLE = YES;
				IPHONEOS_DEPLOYMENT_TARGET = 8.3;
				MTL_ENABLE_DEBUG_INFO = YES;
				ONLY_ACTIVE_ARCH = YES;
				SDKROOT = iphoneos;
				SWIFT_OPTIMIZATION_LEVEL = "-Onone";
			};
			name = Debug;
		};
		79DA7CAB1B0CF908007B7844 /* Release */ = {
			isa = XCBuildConfiguration;
			buildSettings = {
				ALWAYS_SEARCH_USER_PATHS = NO;
				CLANG_CXX_LANGUAGE_STANDARD = "gnu++0x";
				CLANG_CXX_LIBRARY = "libc++";
				CLANG_ENABLE_MODULES = YES;
				CLANG_ENABLE_OBJC_ARC = YES;
				CLANG_WARN_BOOL_CONVERSION = YES;
				CLANG_WARN_CONSTANT_CONVERSION = YES;
				CLANG_WARN_DIRECT_OBJC_ISA_USAGE = YES_ERROR;
				CLANG_WARN_EMPTY_BODY = YES;
				CLANG_WARN_ENUM_CONVERSION = YES;
				CLANG_WARN_INT_CONVERSION = YES;
				CLANG_WARN_OBJC_ROOT_CLASS = YES_ERROR;
				CLANG_WARN_UNREACHABLE_CODE = YES;
				CLANG_WARN__DUPLICATE_METHOD_MATCH = YES;
				"CODE_SIGN_IDENTITY[sdk=iphoneos*]" = "iPhone Developer";
				COPY_PHASE_STRIP = NO;
				DEBUG_INFORMATION_FORMAT = "dwarf-with-dsym";
				ENABLE_NS_ASSERTIONS = NO;
				ENABLE_STRICT_OBJC_MSGSEND = YES;
				GCC_C_LANGUAGE_STANDARD = gnu99;
				GCC_NO_COMMON_BLOCKS = YES;
				GCC_WARN_64_TO_32_BIT_CONVERSION = YES;
				GCC_WARN_ABOUT_RETURN_TYPE = YES_ERROR;
				GCC_WARN_UNDECLARED_SELECTOR = YES;
				GCC_WARN_UNINITIALIZED_AUTOS = YES_AGGRESSIVE;
				GCC_WARN_UNUSED_FUNCTION = YES;
				GCC_WARN_UNUSED_VARIABLE = YES;
				IPHONEOS_DEPLOYMENT_TARGET = 8.3;
				MTL_ENABLE_DEBUG_INFO = NO;
				SDKROOT = iphoneos;
				VALIDATE_PRODUCT = YES;
			};
			name = Release;
		};
		79DA7CAD1B0CF908007B7844 /* Debug */ = {
			isa = XCBuildConfiguration;
			buildSettings = {
				ASSETCATALOG_COMPILER_APPICON_NAME = AppIcon;
				INFOPLIST_FILE = "What's The Weather/Info.plist";
				LD_RUNPATH_SEARCH_PATHS = "$(inherited) @executable_path/Frameworks";
				PRODUCT_NAME = "$(TARGET_NAME)";
			};
			name = Debug;
		};
		79DA7CAE1B0CF908007B7844 /* Release */ = {
			isa = XCBuildConfiguration;
			buildSettings = {
				ASSETCATALOG_COMPILER_APPICON_NAME = AppIcon;
				INFOPLIST_FILE = "What's The Weather/Info.plist";
				LD_RUNPATH_SEARCH_PATHS = "$(inherited) @executable_path/Frameworks";
				PRODUCT_NAME = "$(TARGET_NAME)";
			};
			name = Release;
		};
		79DA7CB01B0CF908007B7844 /* Debug */ = {
			isa = XCBuildConfiguration;
			buildSettings = {
				BUNDLE_LOADER = "$(TEST_HOST)";
				FRAMEWORK_SEARCH_PATHS = (
					"$(SDKROOT)/Developer/Library/Frameworks",
					"$(inherited)",
				);
				GCC_PREPROCESSOR_DEFINITIONS = (
					"DEBUG=1",
					"$(inherited)",
				);
				INFOPLIST_FILE = "What's The WeatherTests/Info.plist";
				LD_RUNPATH_SEARCH_PATHS = "$(inherited) @executable_path/Frameworks @loader_path/Frameworks";
				PRODUCT_NAME = "$(TARGET_NAME)";
				TEST_HOST = "$(BUILT_PRODUCTS_DIR)/What's The Weather.app/What's The Weather";
			};
			name = Debug;
		};
		79DA7CB11B0CF908007B7844 /* Release */ = {
			isa = XCBuildConfiguration;
			buildSettings = {
				BUNDLE_LOADER = "$(TEST_HOST)";
				FRAMEWORK_SEARCH_PATHS = (
					"$(SDKROOT)/Developer/Library/Frameworks",
					"$(inherited)",
				);
				INFOPLIST_FILE = "What's The WeatherTests/Info.plist";
				LD_RUNPATH_SEARCH_PATHS = "$(inherited) @executable_path/Frameworks @loader_path/Frameworks";
				PRODUCT_NAME = "$(TARGET_NAME)";
				TEST_HOST = "$(BUILT_PRODUCTS_DIR)/What's The Weather.app/What's The Weather";
			};
			name = Release;
		};
/* End XCBuildConfiguration section */

/* Begin XCConfigurationList section */
		79DA7C881B0CF907007B7844 /* Build configuration list for PBXProject "What's The Weather" */ = {
			isa = XCConfigurationList;
			buildConfigurations = (
				79DA7CAA1B0CF908007B7844 /* Debug */,
				79DA7CAB1B0CF908007B7844 /* Release */,
			);
			defaultConfigurationIsVisible = 0;
			defaultConfigurationName = Release;
		};
		79DA7CAC1B0CF908007B7844 /* Build configuration list for PBXNativeTarget "What's The Weather" */ = {
			isa = XCConfigurationList;
			buildConfigurations = (
				79DA7CAD1B0CF908007B7844 /* Debug */,
				79DA7CAE1B0CF908007B7844 /* Release */,
			);
			defaultConfigurationIsVisible = 0;
			defaultConfigurationName = Release;
		};
		79DA7CAF1B0CF908007B7844 /* Build configuration list for PBXNativeTarget "What's The WeatherTests" */ = {
			isa = XCConfigurationList;
			buildConfigurations = (
				79DA7CB01B0CF908007B7844 /* Debug */,
				79DA7CB11B0CF908007B7844 /* Release */,
			);
			defaultConfigurationIsVisible = 0;
			defaultConfigurationName = Release;
		};
/* End XCConfigurationList section */
	};
	rootObject = 79DA7C851B0CF907007B7844 /* Project object */;
}
